{
  "name": "plotly-icons",
  "version": "1.0.0",
  "lockfileVersion": 1,
  "requires": true,
  "dependencies": {
    "mdi-react": {
      "version": "2.1.19",
      "resolved": "https://registry.npmjs.org/mdi-react/-/mdi-react-2.1.19.tgz",
      "integrity": "sha1-qgXz6+Swc1eMYN36MKjsfrNoc7c="
    }
  }
}
